// !$*UTF8*$!
{
	archiveVersion = 1;
	classes = {
	};
	objectVersion = 55;
	objects = {

/* Begin PBXBuildFile section */
		B480CFF4283FB0070045C549 /* AppDelegate.swift in Sources */ = {isa = PBXBuildFile; fileRef = B480CFF3283FB0070045C549 /* AppDelegate.swift */; };
		B480CFF6283FB0070045C549 /* SceneDelegate.swift in Sources */ = {isa = PBXBuildFile; fileRef = B480CFF5283FB0070045C549 /* SceneDelegate.swift */; };
		B480CFFB283FB0070045C549 /* Main.storyboard in Resources */ = {isa = PBXBuildFile; fileRef = B480CFF9283FB0070045C549 /* Main.storyboard */; };
		B480CFFD283FB0080045C549 /* Assets.xcassets in Resources */ = {isa = PBXBuildFile; fileRef = B480CFFC283FB0080045C549 /* Assets.xcassets */; };
		B480D000283FB0080045C549 /* LaunchScreen.storyboard in Resources */ = {isa = PBXBuildFile; fileRef = B480CFFE283FB0080045C549 /* LaunchScreen.storyboard */; };
		B480D00B283FB4640045C549 /* FirebaseAnalyticsWithoutAdIdSupport in Frameworks */ = {isa = PBXBuildFile; productRef = B480D00A283FB4640045C549 /* FirebaseAnalyticsWithoutAdIdSupport */; };
		B480D00D283FB4640045C549 /* FirebaseFirestore in Frameworks */ = {isa = PBXBuildFile; productRef = B480D00C283FB4640045C549 /* FirebaseFirestore */; };
		B480D00F283FE7650045C549 /* GoogleService-Info.plist in Resources */ = {isa = PBXBuildFile; fileRef = B480D00E283FE7640045C549 /* GoogleService-Info.plist */; };
		B480D0162840B4440045C549 /* PostViewModel.swift in Sources */ = {isa = PBXBuildFile; fileRef = B480D0152840B4440045C549 /* PostViewModel.swift */; };
		B480D01B2841FCFC0045C549 /* PostViewController.swift in Sources */ = {isa = PBXBuildFile; fileRef = B480D01A2841FCFB0045C549 /* PostViewController.swift */; };
		B480D01D284206A50045C549 /* PostCell.swift in Sources */ = {isa = PBXBuildFile; fileRef = B480D01C284206A50045C549 /* PostCell.swift */; };
		B480D01F2842500E0045C549 /* PostModel.swift in Sources */ = {isa = PBXBuildFile; fileRef = B480D01E2842500E0045C549 /* PostModel.swift */; };
		B480D02128425B230045C549 /* PlayerView.swift in Sources */ = {isa = PBXBuildFile; fileRef = B480D02028425B230045C549 /* PlayerView.swift */; };
		B481D38D2842A05B00B281C2 /* Kingfisher in Frameworks */ = {isa = PBXBuildFile; productRef = B481D38C2842A05B00B281C2 /* Kingfisher */; };
		B481D3942843FD8E00B281C2 /* RxCocoa in Frameworks */ = {isa = PBXBuildFile; productRef = B481D3932843FD8E00B281C2 /* RxCocoa */; };
		B481D3962843FD8E00B281C2 /* RxSwift in Frameworks */ = {isa = PBXBuildFile; productRef = B481D3952843FD8E00B281C2 /* RxSwift */; };
/* End PBXBuildFile section */

/* Begin PBXFileReference section */
		B480CFF0283FB0070045C549 /* blinqpost.app */ = {isa = PBXFileReference; explicitFileType = wrapper.application; includeInIndex = 0; path = blinqpost.app; sourceTree = BUILT_PRODUCTS_DIR; };
		B480CFF3283FB0070045C549 /* AppDelegate.swift */ = {isa = PBXFileReference; lastKnownFileType = sourcecode.swift; path = AppDelegate.swift; sourceTree = "<group>"; };
		B480CFF5283FB0070045C549 /* SceneDelegate.swift */ = {isa = PBXFileReference; lastKnownFileType = sourcecode.swift; path = SceneDelegate.swift; sourceTree = "<group>"; };
		B480CFFA283FB0070045C549 /* Base */ = {isa = PBXFileReference; lastKnownFileType = file.storyboard; name = Base; path = Base.lproj/Main.storyboard; sourceTree = "<group>"; };
		B480CFFC283FB0080045C549 /* Assets.xcassets */ = {isa = PBXFileReference; lastKnownFileType = folder.assetcatalog; path = Assets.xcassets; sourceTree = "<group>"; };
		B480CFFF283FB0080045C549 /* Base */ = {isa = PBXFileReference; lastKnownFileType = file.storyboard; name = Base; path = Base.lproj/LaunchScreen.storyboard; sourceTree = "<group>"; };
		B480D001283FB0080045C549 /* Info.plist */ = {isa = PBXFileReference; lastKnownFileType = text.plist.xml; path = Info.plist; sourceTree = "<group>"; };
		B480D00E283FE7640045C549 /* GoogleService-Info.plist */ = {isa = PBXFileReference; fileEncoding = 4; lastKnownFileType = text.plist.xml; path = "GoogleService-Info.plist"; sourceTree = "<group>"; };
		B480D0152840B4440045C549 /* PostViewModel.swift */ = {isa = PBXFileReference; lastKnownFileType = sourcecode.swift; path = PostViewModel.swift; sourceTree = "<group>"; };
		B480D01A2841FCFB0045C549 /* PostViewController.swift */ = {isa = PBXFileReference; lastKnownFileType = sourcecode.swift; path = PostViewController.swift; sourceTree = "<group>"; };
		B480D01C284206A50045C549 /* PostCell.swift */ = {isa = PBXFileReference; lastKnownFileType = sourcecode.swift; path = PostCell.swift; sourceTree = "<group>"; };
		B480D01E2842500E0045C549 /* PostModel.swift */ = {isa = PBXFileReference; lastKnownFileType = sourcecode.swift; path = PostModel.swift; sourceTree = "<group>"; };
		B480D02028425B230045C549 /* PlayerView.swift */ = {isa = PBXFileReference; lastKnownFileType = sourcecode.swift; path = PlayerView.swift; sourceTree = "<group>"; };
/* End PBXFileReference section */

/* Begin PBXFrameworksBuildPhase section */
		B480CFED283FB0070045C549 /* Frameworks */ = {
			isa = PBXFrameworksBuildPhase;
			buildActionMask = 2147483647;
			files = (
				B481D38D2842A05B00B281C2 /* Kingfisher in Frameworks */,
				B480D00B283FB4640045C549 /* FirebaseAnalyticsWithoutAdIdSupport in Frameworks */,
				B481D3962843FD8E00B281C2 /* RxSwift in Frameworks */,
				B481D3942843FD8E00B281C2 /* RxCocoa in Frameworks */,
				B480D00D283FB4640045C549 /* FirebaseFirestore in Frameworks */,
			);
			runOnlyForDeploymentPostprocessing = 0;
		};
/* End PBXFrameworksBuildPhase section */

/* Begin PBXGroup section */
		B480CFE7283FB0070045C549 = {
			isa = PBXGroup;
			children = (
				B480CFF2283FB0070045C549 /* blinqpost */,
				B480CFF1283FB0070045C549 /* Products */,
			);
			sourceTree = "<group>";
		};
		B480CFF1283FB0070045C549 /* Products */ = {
			isa = PBXGroup;
			children = (
				B480CFF0283FB0070045C549 /* blinqpost.app */,
			);
			name = Products;
			sourceTree = "<group>";
		};
		B480CFF2283FB0070045C549 /* blinqpost */ = {
			isa = PBXGroup;
			children = (
				B480D0122840ABF00045C549 /* ViewModels */,
				B480D0112840ABE30045C549 /* Views */,
				B480D0102840ABD40045C549 /* Models */,
				B480D0192841803D0045C549 /* App */,
				B480CFF9283FB0070045C549 /* Main.storyboard */,
				B480CFFC283FB0080045C549 /* Assets.xcassets */,
				B480CFFE283FB0080045C549 /* LaunchScreen.storyboard */,
				B480D001283FB0080045C549 /* Info.plist */,
				B480D00E283FE7640045C549 /* GoogleService-Info.plist */,
			);
			path = blinqpost;
			sourceTree = "<group>";
		};
		B480D0102840ABD40045C549 /* Models */ = {
			isa = PBXGroup;
			children = (
				B480D01E2842500E0045C549 /* PostModel.swift */,
			);
			path = Models;
			sourceTree = "<group>";
		};
		B480D0112840ABE30045C549 /* Views */ = {
			isa = PBXGroup;
			children = (
				B480D01A2841FCFB0045C549 /* PostViewController.swift */,
				B480D01C284206A50045C549 /* PostCell.swift */,
				B480D02028425B230045C549 /* PlayerView.swift */,
			);
			path = Views;
			sourceTree = "<group>";
		};
		B480D0122840ABF00045C549 /* ViewModels */ = {
			isa = PBXGroup;
			children = (
				B480D0152840B4440045C549 /* PostViewModel.swift */,
			);
			path = ViewModels;
			sourceTree = "<group>";
		};
		B480D0192841803D0045C549 /* App */ = {
			isa = PBXGroup;
			children = (
				B480CFF3283FB0070045C549 /* AppDelegate.swift */,
				B480CFF5283FB0070045C549 /* SceneDelegate.swift */,
			);
			path = App;
			sourceTree = "<group>";
		};
/* End PBXGroup section */

/* Begin PBXNativeTarget section */
		B480CFEF283FB0070045C549 /* blinqpost */ = {
			isa = PBXNativeTarget;
			buildConfigurationList = B480D004283FB0080045C549 /* Build configuration list for PBXNativeTarget "blinqpost" */;
			buildPhases = (
				B480CFEC283FB0070045C549 /* Sources */,
				B480CFED283FB0070045C549 /* Frameworks */,
				B480CFEE283FB0070045C549 /* Resources */,
			);
			buildRules = (
			);
			dependencies = (
			);
			name = blinqpost;
			packageProductDependencies = (
				B480D00A283FB4640045C549 /* FirebaseAnalyticsWithoutAdIdSupport */,
				B480D00C283FB4640045C549 /* FirebaseFirestore */,
				B481D38C2842A05B00B281C2 /* Kingfisher */,
				B481D3932843FD8E00B281C2 /* RxCocoa */,
				B481D3952843FD8E00B281C2 /* RxSwift */,
			);
			productName = blinqpost;
			productReference = B480CFF0283FB0070045C549 /* blinqpost.app */;
			productType = "com.apple.product-type.application";
		};
/* End PBXNativeTarget section */

/* Begin PBXProject section */
		B480CFE8283FB0070045C549 /* Project object */ = {
			isa = PBXProject;
			attributes = {
				BuildIndependentTargetsInParallel = 1;
				LastSwiftUpdateCheck = 1300;
				LastUpgradeCheck = 1300;
				TargetAttributes = {
					B480CFEF283FB0070045C549 = {
						CreatedOnToolsVersion = 13.0;
					};
				};
			};
			buildConfigurationList = B480CFEB283FB0070045C549 /* Build configuration list for PBXProject "blinqpost" */;
			compatibilityVersion = "Xcode 13.0";
			developmentRegion = en;
			hasScannedForEncodings = 0;
			knownRegions = (
				en,
				Base,
			);
			mainGroup = B480CFE7283FB0070045C549;
			packageReferences = (
				B480D009283FB4640045C549 /* XCRemoteSwiftPackageReference "firebase-ios-sdk" */,
				B481D38B2842A05B00B281C2 /* XCRemoteSwiftPackageReference "Kingfisher" */,
				B481D3922843FD8E00B281C2 /* XCRemoteSwiftPackageReference "RxSwift" */,
			);
			productRefGroup = B480CFF1283FB0070045C549 /* Products */;
			projectDirPath = "";
			projectRoot = "";
			targets = (
				B480CFEF283FB0070045C549 /* blinqpost */,
			);
		};
/* End PBXProject section */

/* Begin PBXResourcesBuildPhase section */
		B480CFEE283FB0070045C549 /* Resources */ = {
			isa = PBXResourcesBuildPhase;
			buildActionMask = 2147483647;
			files = (
				B480D000283FB0080045C549 /* LaunchScreen.storyboard in Resources */,
				B480D00F283FE7650045C549 /* GoogleService-Info.plist in Resources */,
				B480CFFD283FB0080045C549 /* Assets.xcassets in Resources */,
				B480CFFB283FB0070045C549 /* Main.storyboard in Resources */,
			);
			runOnlyForDeploymentPostprocessing = 0;
		};
/* End PBXResourcesBuildPhase section */

/* Begin PBXSourcesBuildPhase section */
		B480CFEC283FB0070045C549 /* Sources */ = {
			isa = PBXSourcesBuildPhase;
			buildActionMask = 2147483647;
			files = (
				B480D02128425B230045C549 /* PlayerView.swift in Sources */,
				B480D0162840B4440045C549 /* PostViewModel.swift in Sources */,
				B480D01F2842500E0045C549 /* PostModel.swift in Sources */,
				B480D01B2841FCFC0045C549 /* PostViewController.swift in Sources */,
				B480CFF4283FB0070045C549 /* AppDelegate.swift in Sources */,
				B480CFF6283FB0070045C549 /* SceneDelegate.swift in Sources */,
				B480D01D284206A50045C549 /* PostCell.swift in Sources */,
			);
			runOnlyForDeploymentPostprocessing = 0;
		};
/* End PBXSourcesBuildPhase section */

/* Begin PBXVariantGroup section */
		B480CFF9283FB0070045C549 /* Main.storyboard */ = {
			isa = PBXVariantGroup;
			children = (
				B480CFFA283FB0070045C549 /* Base */,
			);
			name = Main.storyboard;
			sourceTree = "<group>";
		};
		B480CFFE283FB0080045C549 /* LaunchScreen.storyboard */ = {
			isa = PBXVariantGroup;
			children = (
				B480CFFF283FB0080045C549 /* Base */,
			);
			name = LaunchScreen.storyboard;
			sourceTree = "<group>";
		};
/* End PBXVariantGroup section */

/* Begin XCBuildConfiguration section */
		B480D002283FB0080045C549 /* Debug */ = {
			isa = XCBuildConfiguration;
			buildSettings = {
				ALWAYS_SEARCH_USER_PATHS = NO;
				CLANG_ANALYZER_NONNULL = YES;
				CLANG_ANALYZER_NUMBER_OBJECT_CONVERSION = YES_AGGRESSIVE;
				CLANG_CXX_LANGUAGE_STANDARD = "gnu++17";
				CLANG_CXX_LIBRARY = "libc++";
				CLANG_ENABLE_MODULES = YES;
				CLANG_ENABLE_OBJC_ARC = YES;
				CLANG_ENABLE_OBJC_WEAK = YES;
				CLANG_WARN_BLOCK_CAPTURE_AUTORELEASING = YES;
				CLANG_WARN_BOOL_CONVERSION = YES;
				CLANG_WARN_COMMA = YES;
				CLANG_WARN_CONSTANT_CONVERSION = YES;
				CLANG_WARN_DEPRECATED_OBJC_IMPLEMENTATIONS = YES;
				CLANG_WARN_DIRECT_OBJC_ISA_USAGE = YES_ERROR;
				CLANG_WARN_DOCUMENTATION_COMMENTS = YES;
				CLANG_WARN_EMPTY_BODY = YES;
				CLANG_WARN_ENUM_CONVERSION = YES;
				CLANG_WARN_INFINITE_RECURSION = YES;
				CLANG_WARN_INT_CONVERSION = YES;
				CLANG_WARN_NON_LITERAL_NULL_CONVERSION = YES;
				CLANG_WARN_OBJC_IMPLICIT_RETAIN_SELF = YES;
				CLANG_WARN_OBJC_LITERAL_CONVERSION = YES;
				CLANG_WARN_OBJC_ROOT_CLASS = YES_ERROR;
				CLANG_WARN_QUOTED_INCLUDE_IN_FRAMEWORK_HEADER = YES;
				CLANG_WARN_RANGE_LOOP_ANALYSIS = YES;
				CLANG_WARN_STRICT_PROTOTYPES = YES;
				CLANG_WARN_SUSPICIOUS_MOVE = YES;
				CLANG_WARN_UNGUARDED_AVAILABILITY = YES_AGGRESSIVE;
				CLANG_WARN_UNREACHABLE_CODE = YES;
				CLANG_WARN__DUPLICATE_METHOD_MATCH = YES;
				COPY_PHASE_STRIP = NO;
				DEBUG_INFORMATION_FORMAT = dwarf;
				ENABLE_STRICT_OBJC_MSGSEND = YES;
				ENABLE_TESTABILITY = YES;
				GCC_C_LANGUAGE_STANDARD = gnu11;
				GCC_DYNAMIC_NO_PIC = NO;
				GCC_NO_COMMON_BLOCKS = YES;
				GCC_OPTIMIZATION_LEVEL = 0;
				GCC_PREPROCESSOR_DEFINITIONS = (
					"DEBUG=1",
					"$(inherited)",
				);
				GCC_WARN_64_TO_32_BIT_CONVERSION = YES;
				GCC_WARN_ABOUT_RETURN_TYPE = YES_ERROR;
				GCC_WARN_UNDECLARED_SELECTOR = YES;
				GCC_WARN_UNINITIALIZED_AUTOS = YES_AGGRESSIVE;
				GCC_WARN_UNUSED_FUNCTION = YES;
				GCC_WARN_UNUSED_VARIABLE = YES;
				IPHONEOS_DEPLOYMENT_TARGET = 15.0;
				MTL_ENABLE_DEBUG_INFO = INCLUDE_SOURCE;
				MTL_FAST_MATH = YES;
				ONLY_ACTIVE_ARCH = YES;
				SDKROOT = iphoneos;
				SWIFT_ACTIVE_COMPILATION_CONDITIONS = DEBUG;
				SWIFT_OPTIMIZATION_LEVEL = "-Onone";
			};
			name = Debug;
		};
		B480D003283FB0080045C549 /* Release */ = {
			isa = XCBuildConfiguration;
			buildSettings = {
				ALWAYS_SEARCH_USER_PATHS = NO;
				CLANG_ANALYZER_NONNULL = YES;
				CLANG_ANALYZER_NUMBER_OBJECT_CONVERSION = YES_AGGRESSIVE;
				CLANG_CXX_LANGUAGE_STANDARD = "gnu++17";
				CLANG_CXX_LIBRARY = "libc++";
				CLANG_ENABLE_MODULES = YES;
				CLANG_ENABLE_OBJC_ARC = YES;
				CLANG_ENABLE_OBJC_WEAK = YES;
				CLANG_WARN_BLOCK_CAPTURE_AUTORELEASING = YES;
				CLANG_WARN_BOOL_CONVERSION = YES;
				CLANG_WARN_COMMA = YES;
				CLANG_WARN_CONSTANT_CONVERSION = YES;
				CLANG_WARN_DEPRECATED_OBJC_IMPLEMENTATIONS = YES;
				CLANG_WARN_DIRECT_OBJC_ISA_USAGE = YES_ERROR;
				CLANG_WARN_DOCUMENTATION_COMMENTS = YES;
				CLANG_WARN_EMPTY_BODY = YES;
				CLANG_WARN_ENUM_CONVERSION = YES;
				CLANG_WARN_INFINITE_RECURSION = YES;
				CLANG_WARN_INT_CONVERSION = YES;
				CLANG_WARN_NON_LITERAL_NULL_CONVERSION = YES;
				CLANG_WARN_OBJC_IMPLICIT_RETAIN_SELF = YES;
				CLANG_WARN_OBJC_LITERAL_CONVERSION = YES;
				CLANG_WARN_OBJC_ROOT_CLASS = YES_ERROR;
				CLANG_WARN_QUOTED_INCLUDE_IN_FRAMEWORK_HEADER = YES;
				CLANG_WARN_RANGE_LOOP_ANALYSIS = YES;
				CLANG_WARN_STRICT_PROTOTYPES = YES;
				CLANG_WARN_SUSPICIOUS_MOVE = YES;
				CLANG_WARN_UNGUARDED_AVAILABILITY = YES_AGGRESSIVE;
				CLANG_WARN_UNREACHABLE_CODE = YES;
				CLANG_WARN__DUPLICATE_METHOD_MATCH = YES;
				COPY_PHASE_STRIP = NO;
				DEBUG_INFORMATION_FORMAT = "dwarf-with-dsym";
				ENABLE_NS_ASSERTIONS = NO;
				ENABLE_STRICT_OBJC_MSGSEND = YES;
				GCC_C_LANGUAGE_STANDARD = gnu11;
				GCC_NO_COMMON_BLOCKS = YES;
				GCC_WARN_64_TO_32_BIT_CONVERSION = YES;
				GCC_WARN_ABOUT_RETURN_TYPE = YES_ERROR;
				GCC_WARN_UNDECLARED_SELECTOR = YES;
				GCC_WARN_UNINITIALIZED_AUTOS = YES_AGGRESSIVE;
				GCC_WARN_UNUSED_FUNCTION = YES;
				GCC_WARN_UNUSED_VARIABLE = YES;
				IPHONEOS_DEPLOYMENT_TARGET = 15.0;
				MTL_ENABLE_DEBUG_INFO = NO;
				MTL_FAST_MATH = YES;
				SDKROOT = iphoneos;
				SWIFT_COMPILATION_MODE = wholemodule;
				SWIFT_OPTIMIZATION_LEVEL = "-O";
				VALIDATE_PRODUCT = YES;
			};
			name = Release;
		};
		B480D005283FB0080045C549 /* Debug */ = {
			isa = XCBuildConfiguration;
			buildSettings = {
				ASSETCATALOG_COMPILER_APPICON_NAME = AppIcon;
				ASSETCATALOG_COMPILER_GLOBAL_ACCENT_COLOR_NAME = AccentColor;
				CODE_SIGN_STYLE = Automatic;
				CURRENT_PROJECT_VERSION = 1;
				DEVELOPMENT_TEAM = 4R4HNS3RS2;
				GENERATE_INFOPLIST_FILE = YES;
				INFOPLIST_FILE = blinqpost/Info.plist;
				INFOPLIST_KEY_UIApplicationSupportsIndirectInputEvents = YES;
				INFOPLIST_KEY_UILaunchStoryboardName = LaunchScreen;
				INFOPLIST_KEY_UIMainStoryboardFile = Main;
				INFOPLIST_KEY_UISupportedInterfaceOrientations_iPad = "UIInterfaceOrientationPortrait UIInterfaceOrientationPortraitUpsideDown UIInterfaceOrientationLandscapeLeft UIInterfaceOrientationLandscapeRight";
				INFOPLIST_KEY_UISupportedInterfaceOrientations_iPhone = "UIInterfaceOrientationPortrait UIInterfaceOrientationLandscapeLeft UIInterfaceOrientationLandscapeRight";
				LD_RUNPATH_SEARCH_PATHS = (
					"$(inherited)",
					"@executable_path/Frameworks",
				);
				MARKETING_VERSION = 1.0;
				PRODUCT_BUNDLE_IDENTIFIER = io.blinqpay.blinqpost;
				PRODUCT_NAME = "$(TARGET_NAME)";
				SWIFT_EMIT_LOC_STRINGS = YES;
				SWIFT_VERSION = 5.0;
				TARGETED_DEVICE_FAMILY = "1,2";
			};
			name = Debug;
		};
		B480D006283FB0080045C549 /* Release */ = {
			isa = XCBuildConfiguration;
			buildSettings = {
				ASSETCATALOG_COMPILER_APPICON_NAME = AppIcon;
				ASSETCATALOG_COMPILER_GLOBAL_ACCENT_COLOR_NAME = AccentColor;
				CODE_SIGN_STYLE = Automatic;
				CURRENT_PROJECT_VERSION = 1;
				DEVELOPMENT_TEAM = 4R4HNS3RS2;
				GENERATE_INFOPLIST_FILE = YES;
				INFOPLIST_FILE = blinqpost/Info.plist;
				INFOPLIST_KEY_UIApplicationSupportsIndirectInputEvents = YES;
				INFOPLIST_KEY_UILaunchStoryboardName = LaunchScreen;
				INFOPLIST_KEY_UIMainStoryboardFile = Main;
				INFOPLIST_KEY_UISupportedInterfaceOrientations_iPad = "UIInterfaceOrientationPortrait UIInterfaceOrientationPortraitUpsideDown UIInterfaceOrientationLandscapeLeft UIInterfaceOrientationLandscapeRight";
				INFOPLIST_KEY_UISupportedInterfaceOrientations_iPhone = "UIInterfaceOrientationPortrait UIInterfaceOrientationLandscapeLeft UIInterfaceOrientationLandscapeRight";
				LD_RUNPATH_SEARCH_PATHS = (
					"$(inherited)",
					"@executable_path/Frameworks",
				);
				MARKETING_VERSION = 1.0;
				PRODUCT_BUNDLE_IDENTIFIER = io.blinqpay.blinqpost;
				PRODUCT_NAME = "$(TARGET_NAME)";
				SWIFT_EMIT_LOC_STRINGS = YES;
				SWIFT_VERSION = 5.0;
				TARGETED_DEVICE_FAMILY = "1,2";
			};
			name = Release;
		};
/* End XCBuildConfiguration section */

/* Begin XCConfigurationList section */
		B480CFEB283FB0070045C549 /* Build configuration list for PBXProject "blinqpost" */ = {
			isa = XCConfigurationList;
			buildConfigurations = (
				B480D002283FB0080045C549 /* Debug */,
				B480D003283FB0080045C549 /* Release */,
			);
			defaultConfigurationIsVisible = 0;
			defaultConfigurationName = Release;
		};
		B480D004283FB0080045C549 /* Build configuration list for PBXNativeTarget "blinqpost" */ = {
			isa = XCConfigurationList;
			buildConfigurations = (
				B480D005283FB0080045C549 /* Debug */,
				B480D006283FB0080045C549 /* Release */,
			);
			defaultConfigurationIsVisible = 0;
			defaultConfigurationName = Release;
		};
/* End XCConfigurationList section */

/* Begin XCRemoteSwiftPackageReference section */
		B480D009283FB4640045C549 /* XCRemoteSwiftPackageReference "firebase-ios-sdk" */ = {
			isa = XCRemoteSwiftPackageReference;
			repositoryURL = "https://github.com/firebase/firebase-ios-sdk";
			requirement = {
				kind = upToNextMajorVersion;
				minimumVersion = 8.0.0;
			};
		};
		B481D38B2842A05B00B281C2 /* XCRemoteSwiftPackageReference "Kingfisher" */ = {
			isa = XCRemoteSwiftPackageReference;
			repositoryURL = "https://github.com/onevcat/Kingfisher.git";
			requirement = {
				branch = master;
				kind = branch;
			};
		};
		B481D3922843FD8E00B281C2 /* XCRemoteSwiftPackageReference "RxSwift" */ = {
			isa = XCRemoteSwiftPackageReference;
			repositoryURL = "https://github.com/ReactiveX/RxSwift.git";
			requirement = {
				kind = upToNextMajorVersion;
				minimumVersion = 6.0.0;
			};
		};
/* End XCRemoteSwiftPackageReference section */

/* Begin XCSwiftPackageProductDependency section */
		B480D00A283FB4640045C549 /* FirebaseAnalyticsWithoutAdIdSupport */ = {
			isa = XCSwiftPackageProductDependency;
			package = B480D009283FB4640045C549 /* XCRemoteSwiftPackageReference "firebase-ios-sdk" */;
			productName = FirebaseAnalyticsWithoutAdIdSupport;
		};
		B480D00C283FB4640045C549 /* FirebaseFirestore */ = {
			isa = XCSwiftPackageProductDependency;
			package = B480D009283FB4640045C549 /* XCRemoteSwiftPackageReference "firebase-ios-sdk" */;
			productName = FirebaseFirestore;
		};
		B481D38C2842A05B00B281C2 /* Kingfisher */ = {
			isa = XCSwiftPackageProductDependency;
			package = B481D38B2842A05B00B281C2 /* XCRemoteSwiftPackageReference "Kingfisher" */;
			productName = Kingfisher;
		};
		B481D3932843FD8E00B281C2 /* RxCocoa */ = {
			isa = XCSwiftPackageProductDependency;
			package = B481D3922843FD8E00B281C2 /* XCRemoteSwiftPackageReference "RxSwift" */;
			productName = RxCocoa;
		};
		B481D3952843FD8E00B281C2 /* RxSwift */ = {
			isa = XCSwiftPackageProductDependency;
			package = B481D3922843FD8E00B281C2 /* XCRemoteSwiftPackageReference "RxSwift" */;
			productName = RxSwift;
		};
/* End XCSwiftPackageProductDependency section */
	};
	rootObject = B480CFE8283FB0070045C549 /* Project object */;
}
